
Microsoft Visual Studio Solution File, Format Version 12.00
# Visual Studio Version 17
VisualStudioVersion = 17.3.32804.467
MinimumVisualStudioVersion = 10.0.40219.1
Project("{FAE04EC0-301F-11D3-BF4B-00C04F79EFBC}") = "DualPrecitec", "DualPrecitec.csproj", "{10613301-0307-9C2A-E0AF-B35EDC48F0F2}"
EndProject
Global
	GlobalSection(SolutionConfigurationPlatforms) = preSolution
		Debug|Any CPU = Debug|Any CPU
		Release|Any CPU = Release|Any CPU
	EndGlobalSection
	GlobalSection(ProjectConfigurationPlatforms) = postSolution
		{10613301-0307-9C2A-E0AF-B35EDC48F0F2}.Debug|Any CPU.ActiveCfg = Debug|Any CPU
		{10613301-0307-9C2A-E0AF-B35EDC48F0F2}.Debug|Any CPU.Build.0 = Debug|Any CPU
		{10613301-0307-9C2A-E0AF-B35EDC48F0F2}.Release|Any CPU.ActiveCfg = Release|Any CPU
		{10613301-0307-9C2A-E0AF-B35EDC48F0F2}.Release|Any CPU.Build.0 = Release|Any CPU
	EndGlobalSection
	GlobalSection(SolutionProperties) = preSolution
		HideSolutionNode = FALSE
	EndGlobalSection
	GlobalSection(ExtensibilityGlobals) = postSolution
		SolutionGuid = {3364C242-E053-41A2-953B-D80A6019369B}
	EndGlobalSection
EndGlobal
